// !$*UTF8*$!
{
	archiveVersion = 1;
	classes = {
	};
	objectVersion = 46;
	objects = {

/* Begin PBXBuildFile section */
		3E2CCDB21A0CE56900EEF9EC /* VORefreshView.m in Sources */ = {isa = PBXBuildFile; fileRef = 3E2CCDB11A0CE56900EEF9EC /* VORefreshView.m */; };
		3E34F64E1A0DC92A008946E6 /* UIScrollView+VORefresh.m in Sources */ = {isa = PBXBuildFile; fileRef = 3E34F64D1A0DC92A008946E6 /* UIScrollView+VORefresh.m */; };
		3E34F6511A0DDA58008946E6 /* VOMainPageController.m in Sources */ = {isa = PBXBuildFile; fileRef = 3E34F6501A0DDA58008946E6 /* VOMainPageController.m */; };
		3E34F6541A0DDA84008946E6 /* VODemoTableViewController.m in Sources */ = {isa = PBXBuildFile; fileRef = 3E34F6531A0DDA84008946E6 /* VODemoTableViewController.m */; };
		3E34F6571A0DDABC008946E6 /* VODemoCollectionViewController.m in Sources */ = {isa = PBXBuildFile; fileRef = 3E34F6561A0DDABC008946E6 /* VODemoCollectionViewController.m */; };
		3E34F65A1A0DFBF6008946E6 /* VODemoCell.m in Sources */ = {isa = PBXBuildFile; fileRef = 3E34F6591A0DFBF6008946E6 /* VODemoCell.m */; };
		3E88BCE91A0C619900D415C1 /* main.m in Sources */ = {isa = PBXBuildFile; fileRef = 3E88BCE81A0C619900D415C1 /* main.m */; };
		3E88BCEC1A0C619900D415C1 /* AppDelegate.m in Sources */ = {isa = PBXBuildFile; fileRef = 3E88BCEB1A0C619900D415C1 /* AppDelegate.m */; };
		3E88BCF21A0C619900D415C1 /* Main.storyboard in Resources */ = {isa = PBXBuildFile; fileRef = 3E88BCF01A0C619900D415C1 /* Main.storyboard */; };
		3E88BCF41A0C619900D415C1 /* Images.xcassets in Resources */ = {isa = PBXBuildFile; fileRef = 3E88BCF31A0C619900D415C1 /* Images.xcassets */; };
		3E88BCF71A0C619900D415C1 /* LaunchScreen.xib in Resources */ = {isa = PBXBuildFile; fileRef = 3E88BCF51A0C619900D415C1 /* LaunchScreen.xib */; };
		3E88BD031A0C619900D415C1 /* VORefreshDemoTests.m in Sources */ = {isa = PBXBuildFile; fileRef = 3E88BD021A0C619900D415C1 /* VORefreshDemoTests.m */; };
		3E88BD231A0C791400D415C1 /* VORingIndicator.m in Sources */ = {isa = PBXBuildFile; fileRef = 3E88BD201A0C791400D415C1 /* VORingIndicator.m */; };
		3E88BD241A0C791400D415C1 /* VORingProgressView.m in Sources */ = {isa = PBXBuildFile; fileRef = 3E88BD221A0C791400D415C1 /* VORingProgressView.m */; };
/* End PBXBuildFile section */

/* Begin PBXContainerItemProxy section */
		3E88BCFD1A0C619900D415C1 /* PBXContainerItemProxy */ = {
			isa = PBXContainerItemProxy;
			containerPortal = 3E88BCDB1A0C619900D415C1 /* Project object */;
			proxyType = 1;
			remoteGlobalIDString = 3E88BCE21A0C619900D415C1;
			remoteInfo = VORefreshDemo;
		};
/* End PBXContainerItemProxy section */

/* Begin PBXFileReference section */
		3E2CCDB01A0CE56900EEF9EC /* VORefreshView.h */ = {isa = PBXFileReference; fileEncoding = 4; lastKnownFileType = sourcecode.c.h; name = VORefreshView.h; path = VORefresh/VORefreshView.h; sourceTree = "<group>"; };
		3E2CCDB11A0CE56900EEF9EC /* VORefreshView.m */ = {isa = PBXFileReference; fileEncoding = 4; lastKnownFileType = sourcecode.c.objc; name = VORefreshView.m; path = VORefresh/VORefreshView.m; sourceTree = "<group>"; };
		3E34F64C1A0DC92A008946E6 /* UIScrollView+VORefresh.h */ = {isa = PBXFileReference; fileEncoding = 4; lastKnownFileType = sourcecode.c.h; name = "UIScrollView+VORefresh.h"; path = "VORefresh/UIScrollView+VORefresh.h"; sourceTree = "<group>"; };
		3E34F64D1A0DC92A008946E6 /* UIScrollView+VORefresh.m */ = {isa = PBXFileReference; fileEncoding = 4; lastKnownFileType = sourcecode.c.objc; name = "UIScrollView+VORefresh.m"; path = "VORefresh/UIScrollView+VORefresh.m"; sourceTree = "<group>"; };
		3E34F64F1A0DDA58008946E6 /* VOMainPageController.h */ = {isa = PBXFileReference; fileEncoding = 4; lastKnownFileType = sourcecode.c.h; path = VOMainPageController.h; sourceTree = "<group>"; };
		3E34F6501A0DDA58008946E6 /* VOMainPageController.m */ = {isa = PBXFileReference; fileEncoding = 4; lastKnownFileType = sourcecode.c.objc; path = VOMainPageController.m; sourceTree = "<group>"; };
		3E34F6521A0DDA84008946E6 /* VODemoTableViewController.h */ = {isa = PBXFileReference; fileEncoding = 4; lastKnownFileType = sourcecode.c.h; path = VODemoTableViewController.h; sourceTree = "<group>"; };
		3E34F6531A0DDA84008946E6 /* VODemoTableViewController.m */ = {isa = PBXFileReference; fileEncoding = 4; lastKnownFileType = sourcecode.c.objc; path = VODemoTableViewController.m; sourceTree = "<group>"; };
		3E34F6551A0DDABC008946E6 /* VODemoCollectionViewController.h */ = {isa = PBXFileReference; fileEncoding = 4; lastKnownFileType = sourcecode.c.h; path = VODemoCollectionViewController.h; sourceTree = "<group>"; };
		3E34F6561A0DDABC008946E6 /* VODemoCollectionViewController.m */ = {isa = PBXFileReference; fileEncoding = 4; lastKnownFileType = sourcecode.c.objc; path = VODemoCollectionViewController.m; sourceTree = "<group>"; };
		3E34F6581A0DFBF6008946E6 /* VODemoCell.h */ = {isa = PBXFileReference; fileEncoding = 4; lastKnownFileType = sourcecode.c.h; path = VODemoCell.h; sourceTree = "<group>"; };
		3E34F6591A0DFBF6008946E6 /* VODemoCell.m */ = {isa = PBXFileReference; fileEncoding = 4; lastKnownFileType = sourcecode.c.objc; path = VODemoCell.m; sourceTree = "<group>"; };
		3E88BCE31A0C619900D415C1 /* VORefreshDemo.app */ = {isa = PBXFileReference; explicitFileType = wrapper.application; includeInIndex = 0; path = VORefreshDemo.app; sourceTree = BUILT_PRODUCTS_DIR; };
		3E88BCE71A0C619900D415C1 /* Info.plist */ = {isa = PBXFileReference; lastKnownFileType = text.plist.xml; path = Info.plist; sourceTree = "<group>"; };
		3E88BCE81A0C619900D415C1 /* main.m */ = {isa = PBXFileReference; lastKnownFileType = sourcecode.c.objc; path = main.m; sourceTree = "<group>"; };
		3E88BCEA1A0C619900D415C1 /* AppDelegate.h */ = {isa = PBXFileReference; lastKnownFileType = sourcecode.c.h; path = AppDelegate.h; sourceTree = "<group>"; };
		3E88BCEB1A0C619900D415C1 /* AppDelegate.m */ = {isa = PBXFileReference; lastKnownFileType = sourcecode.c.objc; path = AppDelegate.m; sourceTree = "<group>"; };
		3E88BCF11A0C619900D415C1 /* Base */ = {isa = PBXFileReference; lastKnownFileType = file.storyboard; name = Base; path = Base.lproj/Main.storyboard; sourceTree = "<group>"; };
		3E88BCF31A0C619900D415C1 /* Images.xcassets */ = {isa = PBXFileReference; lastKnownFileType = folder.assetcatalog; path = Images.xcassets; sourceTree = "<group>"; };
		3E88BCF61A0C619900D415C1 /* Base */ = {isa = PBXFileReference; lastKnownFileType = file.xib; name = Base; path = Base.lproj/LaunchScreen.xib; sourceTree = "<group>"; };
		3E88BCFC1A0C619900D415C1 /* VORefreshDemoTests.xctest */ = {isa = PBXFileReference; explicitFileType = wrapper.cfbundle; includeInIndex = 0; path = VORefreshDemoTests.xctest; sourceTree = BUILT_PRODUCTS_DIR; };
		3E88BD011A0C619900D415C1 /* Info.plist */ = {isa = PBXFileReference; lastKnownFileType = text.plist.xml; path = Info.plist; sourceTree = "<group>"; };
		3E88BD021A0C619900D415C1 /* VORefreshDemoTests.m */ = {isa = PBXFileReference; lastKnownFileType = sourcecode.c.objc; path = VORefreshDemoTests.m; sourceTree = "<group>"; };
		3E88BD1F1A0C791400D415C1 /* VORingIndicator.h */ = {isa = PBXFileReference; fileEncoding = 4; lastKnownFileType = sourcecode.c.h; path = VORingIndicator.h; sourceTree = "<group>"; };
		3E88BD201A0C791400D415C1 /* VORingIndicator.m */ = {isa = PBXFileReference; fileEncoding = 4; lastKnownFileType = sourcecode.c.objc; path = VORingIndicator.m; sourceTree = "<group>"; };
		3E88BD211A0C791400D415C1 /* VORingProgressView.h */ = {isa = PBXFileReference; fileEncoding = 4; lastKnownFileType = sourcecode.c.h; path = VORingProgressView.h; sourceTree = "<group>"; };
		3E88BD221A0C791400D415C1 /* VORingProgressView.m */ = {isa = PBXFileReference; fileEncoding = 4; lastKnownFileType = sourcecode.c.objc; path = VORingProgressView.m; sourceTree = "<group>"; };
/* End PBXFileReference section */

/* Begin PBXFrameworksBuildPhase section */
		3E88BCE01A0C619900D415C1 /* Frameworks */ = {
			isa = PBXFrameworksBuildPhase;
			buildActionMask = 2147483647;
			files = (
			);
			runOnlyForDeploymentPostprocessing = 0;
		};
		3E88BCF91A0C619900D415C1 /* Frameworks */ = {
			isa = PBXFrameworksBuildPhase;
			buildActionMask = 2147483647;
			files = (
			);
			runOnlyForDeploymentPostprocessing = 0;
		};
/* End PBXFrameworksBuildPhase section */

/* Begin PBXGroup section */
		3E88BCDA1A0C619900D415C1 = {
			isa = PBXGroup;
			children = (
				3E88BCE51A0C619900D415C1 /* VORefreshDemo */,
				3E88BCFF1A0C619900D415C1 /* VORefreshDemoTests */,
				3E88BCE41A0C619900D415C1 /* Products */,
			);
			sourceTree = "<group>";
		};
		3E88BCE41A0C619900D415C1 /* Products */ = {
			isa = PBXGroup;
			children = (
				3E88BCE31A0C619900D415C1 /* VORefreshDemo.app */,
				3E88BCFC1A0C619900D415C1 /* VORefreshDemoTests.xctest */,
			);
			name = Products;
			sourceTree = "<group>";
		};
		3E88BCE51A0C619900D415C1 /* VORefreshDemo */ = {
			isa = PBXGroup;
			children = (
				3E88BD1E1A0C791400D415C1 /* RingProgress */,
				3E88BD0C1A0C61A200D415C1 /* VORefresh */,
				3E88BCEA1A0C619900D415C1 /* AppDelegate.h */,
				3E88BCEB1A0C619900D415C1 /* AppDelegate.m */,
				3E34F64F1A0DDA58008946E6 /* VOMainPageController.h */,
				3E34F6501A0DDA58008946E6 /* VOMainPageController.m */,
				3E34F6521A0DDA84008946E6 /* VODemoTableViewController.h */,
				3E34F6531A0DDA84008946E6 /* VODemoTableViewController.m */,
				3E34F6581A0DFBF6008946E6 /* VODemoCell.h */,
				3E34F6591A0DFBF6008946E6 /* VODemoCell.m */,
				3E34F6551A0DDABC008946E6 /* VODemoCollectionViewController.h */,
				3E34F6561A0DDABC008946E6 /* VODemoCollectionViewController.m */,
				3E88BCF01A0C619900D415C1 /* Main.storyboard */,
				3E88BCF31A0C619900D415C1 /* Images.xcassets */,
				3E88BCF51A0C619900D415C1 /* LaunchScreen.xib */,
				3E88BCE61A0C619900D415C1 /* Supporting Files */,
			);
			path = VORefreshDemo;
			sourceTree = "<group>";
		};
		3E88BCE61A0C619900D415C1 /* Supporting Files */ = {
			isa = PBXGroup;
			children = (
				3E88BCE71A0C619900D415C1 /* Info.plist */,
				3E88BCE81A0C619900D415C1 /* main.m */,
			);
			name = "Supporting Files";
			sourceTree = "<group>";
		};
		3E88BCFF1A0C619900D415C1 /* VORefreshDemoTests */ = {
			isa = PBXGroup;
			children = (
				3E88BD021A0C619900D415C1 /* VORefreshDemoTests.m */,
				3E88BD001A0C619900D415C1 /* Supporting Files */,
			);
			path = VORefreshDemoTests;
			sourceTree = "<group>";
		};
		3E88BD001A0C619900D415C1 /* Supporting Files */ = {
			isa = PBXGroup;
			children = (
				3E88BD011A0C619900D415C1 /* Info.plist */,
			);
			name = "Supporting Files";
			sourceTree = "<group>";
		};
		3E88BD0C1A0C61A200D415C1 /* VORefresh */ = {
			isa = PBXGroup;
			children = (
				3E2CCDB01A0CE56900EEF9EC /* VORefreshView.h */,
				3E2CCDB11A0CE56900EEF9EC /* VORefreshView.m */,
				3E34F64C1A0DC92A008946E6 /* UIScrollView+VORefresh.h */,
				3E34F64D1A0DC92A008946E6 /* UIScrollView+VORefresh.m */,
			);
			name = VORefresh;
			sourceTree = "<group>";
		};
		3E88BD1E1A0C791400D415C1 /* RingProgress */ = {
			isa = PBXGroup;
			children = (
				3E88BD1F1A0C791400D415C1 /* VORingIndicator.h */,
				3E88BD201A0C791400D415C1 /* VORingIndicator.m */,
				3E88BD211A0C791400D415C1 /* VORingProgressView.h */,
				3E88BD221A0C791400D415C1 /* VORingProgressView.m */,
			);
			path = RingProgress;
			sourceTree = "<group>";
		};
/* End PBXGroup section */

/* Begin PBXNativeTarget section */
		3E88BCE21A0C619900D415C1 /* VORefreshDemo */ = {
			isa = PBXNativeTarget;
			buildConfigurationList = 3E88BD061A0C619900D415C1 /* Build configuration list for PBXNativeTarget "VORefreshDemo" */;
			buildPhases = (
				3E88BCDF1A0C619900D415C1 /* Sources */,
				3E88BCE01A0C619900D415C1 /* Frameworks */,
				3E88BCE11A0C619900D415C1 /* Resources */,
			);
			buildRules = (
			);
			dependencies = (
			);
			name = VORefreshDemo;
			productName = VORefreshDemo;
			productReference = 3E88BCE31A0C619900D415C1 /* VORefreshDemo.app */;
			productType = "com.apple.product-type.application";
		};
		3E88BCFB1A0C619900D415C1 /* VORefreshDemoTests */ = {
			isa = PBXNativeTarget;
			buildConfigurationList = 3E88BD091A0C619900D415C1 /* Build configuration list for PBXNativeTarget "VORefreshDemoTests" */;
			buildPhases = (
				3E88BCF81A0C619900D415C1 /* Sources */,
				3E88BCF91A0C619900D415C1 /* Frameworks */,
				3E88BCFA1A0C619900D415C1 /* Resources */,
			);
			buildRules = (
			);
			dependencies = (
				3E88BCFE1A0C619900D415C1 /* PBXTargetDependency */,
			);
			name = VORefreshDemoTests;
			productName = VORefreshDemoTests;
			productReference = 3E88BCFC1A0C619900D415C1 /* VORefreshDemoTests.xctest */;
			productType = "com.apple.product-type.bundle.unit-test";
		};
/* End PBXNativeTarget section */

/* Begin PBXProject section */
		3E88BCDB1A0C619900D415C1 /* Project object */ = {
			isa = PBXProject;
			attributes = {
				LastUpgradeCheck = 0610;
				ORGANIZATIONNAME = valo;
				TargetAttributes = {
					3E88BCE21A0C619900D415C1 = {
						CreatedOnToolsVersion = 6.1;
						DevelopmentTeam = X8GY4X76C2;
					};
					3E88BCFB1A0C619900D415C1 = {
						CreatedOnToolsVersion = 6.1;
						TestTargetID = 3E88BCE21A0C619900D415C1;
					};
				};
			};
			buildConfigurationList = 3E88BCDE1A0C619900D415C1 /* Build configuration list for PBXProject "VORefreshDemo" */;
			compatibilityVersion = "Xcode 3.2";
			developmentRegion = English;
			hasScannedForEncodings = 0;
			knownRegions = (
				en,
				Base,
			);
			mainGroup = 3E88BCDA1A0C619900D415C1;
			productRefGroup = 3E88BCE41A0C619900D415C1 /* Products */;
			projectDirPath = "";
			projectRoot = "";
			targets = (
				3E88BCE21A0C619900D415C1 /* VORefreshDemo */,
				3E88BCFB1A0C619900D415C1 /* VORefreshDemoTests */,
			);
		};
/* End PBXProject section */

/* Begin PBXResourcesBuildPhase section */
		3E88BCE11A0C619900D415C1 /* Resources */ = {
			isa = PBXResourcesBuildPhase;
			buildActionMask = 2147483647;
			files = (
				3E88BCF21A0C619900D415C1 /* Main.storyboard in Resources */,
				3E88BCF71A0C619900D415C1 /* LaunchScreen.xib in Resources */,
				3E88BCF41A0C619900D415C1 /* Images.xcassets in Resources */,
			);
			runOnlyForDeploymentPostprocessing = 0;
		};
		3E88BCFA1A0C619900D415C1 /* Resources */ = {
			isa = PBXResourcesBuildPhase;
			buildActionMask = 2147483647;
			files = (
			);
			runOnlyForDeploymentPostprocessing = 0;
		};
/* End PBXResourcesBuildPhase section */

/* Begin PBXSourcesBuildPhase section */
		3E88BCDF1A0C619900D415C1 /* Sources */ = {
			isa = PBXSourcesBuildPhase;
			buildActionMask = 2147483647;
			files = (
				3E34F64E1A0DC92A008946E6 /* UIScrollView+VORefresh.m in Sources */,
				3E88BD241A0C791400D415C1 /* VORingProgressView.m in Sources */,
				3E88BD231A0C791400D415C1 /* VORingIndicator.m in Sources */,
				3E88BCEC1A0C619900D415C1 /* AppDelegate.m in Sources */,
				3E2CCDB21A0CE56900EEF9EC /* VORefreshView.m in Sources */,
				3E34F65A1A0DFBF6008946E6 /* VODemoCell.m in Sources */,
				3E34F6571A0DDABC008946E6 /* VODemoCollectionViewController.m in Sources */,
				3E88BCE91A0C619900D415C1 /* main.m in Sources */,
				3E34F6511A0DDA58008946E6 /* VOMainPageController.m in Sources */,
				3E34F6541A0DDA84008946E6 /* VODemoTableViewController.m in Sources */,
			);
			runOnlyForDeploymentPostprocessing = 0;
		};
		3E88BCF81A0C619900D415C1 /* Sources */ = {
			isa = PBXSourcesBuildPhase;
			buildActionMask = 2147483647;
			files = (
				3E88BD031A0C619900D415C1 /* VORefreshDemoTests.m in Sources */,
			);
			runOnlyForDeploymentPostprocessing = 0;
		};
/* End PBXSourcesBuildPhase section */

/* Begin PBXTargetDependency section */
		3E88BCFE1A0C619900D415C1 /* PBXTargetDependency */ = {
			isa = PBXTargetDependency;
			target = 3E88BCE21A0C619900D415C1 /* VORefreshDemo */;
			targetProxy = 3E88BCFD1A0C619900D415C1 /* PBXContainerItemProxy */;
		};
/* End PBXTargetDependency section */

/* Begin PBXVariantGroup section */
		3E88BCF01A0C619900D415C1 /* Main.storyboard */ = {
			isa = PBXVariantGroup;
			children = (
				3E88BCF11A0C619900D415C1 /* Base */,
			);
			name = Main.storyboard;
			sourceTree = "<group>";
		};
		3E88BCF51A0C619900D415C1 /* LaunchScreen.xib */ = {
			isa = PBXVariantGroup;
			children = (
				3E88BCF61A0C619900D415C1 /* Base */,
			);
			name = LaunchScreen.xib;
			sourceTree = "<group>";
		};
/* End PBXVariantGroup section */

/* Begin XCBuildConfiguration section */
		3E88BD041A0C619900D415C1 /* Debug */ = {
			isa = XCBuildConfiguration;
			buildSettings = {
				ALWAYS_SEARCH_USER_PATHS = NO;
				CLANG_CXX_LANGUAGE_STANDARD = "gnu++0x";
				CLANG_CXX_LIBRARY = "libc++";
				CLANG_ENABLE_MODULES = YES;
				CLANG_ENABLE_OBJC_ARC = YES;
				CLANG_WARN_BOOL_CONVERSION = YES;
				CLANG_WARN_CONSTANT_CONVERSION = YES;
				CLANG_WARN_DIRECT_OBJC_ISA_USAGE = YES_ERROR;
				CLANG_WARN_EMPTY_BODY = YES;
				CLANG_WARN_ENUM_CONVERSION = YES;
				CLANG_WARN_INT_CONVERSION = YES;
				CLANG_WARN_OBJC_ROOT_CLASS = YES_ERROR;
				CLANG_WARN_UNREACHABLE_CODE = YES;
				CLANG_WARN__DUPLICATE_METHOD_MATCH = YES;
				"CODE_SIGN_IDENTITY[sdk=iphoneos*]" = "iPhone Developer";
				COPY_PHASE_STRIP = NO;
				ENABLE_STRICT_OBJC_MSGSEND = YES;
				GCC_C_LANGUAGE_STANDARD = gnu99;
				GCC_DYNAMIC_NO_PIC = NO;
				GCC_OPTIMIZATION_LEVEL = 0;
				GCC_PREPROCESSOR_DEFINITIONS = (
					"DEBUG=1",
					"$(inherited)",
				);
				GCC_SYMBOLS_PRIVATE_EXTERN = NO;
				GCC_WARN_64_TO_32_BIT_CONVERSION = YES;
				GCC_WARN_ABOUT_RETURN_TYPE = YES_ERROR;
				GCC_WARN_UNDECLARED_SELECTOR = YES;
				GCC_WARN_UNINITIALIZED_AUTOS = YES_AGGRESSIVE;
				GCC_WARN_UNUSED_FUNCTION = YES;
				GCC_WARN_UNUSED_VARIABLE = YES;
				IPHONEOS_DEPLOYMENT_TARGET = 8.1;
				MTL_ENABLE_DEBUG_INFO = YES;
				ONLY_ACTIVE_ARCH = YES;
				SDKROOT = iphoneos;
			};
			name = Debug;
		};
		3E88BD051A0C619900D415C1 /* Release */ = {
			isa = XCBuildConfiguration;
			buildSettings = {
				ALWAYS_SEARCH_USER_PATHS = NO;
				CLANG_CXX_LANGUAGE_STANDARD = "gnu++0x";
				CLANG_CXX_LIBRARY = "libc++";
				CLANG_ENABLE_MODULES = YES;
				CLANG_ENABLE_OBJC_ARC = YES;
				CLANG_WARN_BOOL_CONVERSION = YES;
				CLANG_WARN_CONSTANT_CONVERSION = YES;
				CLANG_WARN_DIRECT_OBJC_ISA_USAGE = YES_ERROR;
				CLANG_WARN_EMPTY_BODY = YES;
				CLANG_WARN_ENUM_CONVERSION = YES;
				CLANG_WARN_INT_CONVERSION = YES;
				CLANG_WARN_OBJC_ROOT_CLASS = YES_ERROR;
				CLANG_WARN_UNREACHABLE_CODE = YES;
				CLANG_WARN__DUPLICATE_METHOD_MATCH = YES;
				"CODE_SIGN_IDENTITY[sdk=iphoneos*]" = "iPhone Developer";
				COPY_PHASE_STRIP = YES;
				ENABLE_NS_ASSERTIONS = NO;
				ENABLE_STRICT_OBJC_MSGSEND = YES;
				GCC_C_LANGUAGE_STANDARD = gnu99;
				GCC_WARN_64_TO_32_BIT_CONVERSION = YES;
				GCC_WARN_ABOUT_RETURN_TYPE = YES_ERROR;
				GCC_WARN_UNDECLARED_SELECTOR = YES;
				GCC_WARN_UNINITIALIZED_AUTOS = YES_AGGRESSIVE;
				GCC_WARN_UNUSED_FUNCTION = YES;
				GCC_WARN_UNUSED_VARIABLE = YES;
				IPHONEOS_DEPLOYMENT_TARGET = 8.1;
				MTL_ENABLE_DEBUG_INFO = NO;
				SDKROOT = iphoneos;
				VALIDATE_PRODUCT = YES;
			};
			name = Release;
		};
		3E88BD071A0C619900D415C1 /* Debug */ = {
			isa = XCBuildConfiguration;
			buildSettings = {
				ASSETCATALOG_COMPILER_APPICON_NAME = AppIcon;
				CODE_SIGN_IDENTITY = "iPhone Developer";
				INFOPLIST_FILE = VORefreshDemo/Info.plist;
				IPHONEOS_DEPLOYMENT_TARGET = 6.0;
				LD_RUNPATH_SEARCH_PATHS = "$(inherited) @executable_path/Frameworks";
				PRODUCT_NAME = "$(TARGET_NAME)";
			};
			name = Debug;
		};
		3E88BD081A0C619900D415C1 /* Release */ = {
			isa = XCBuildConfiguration;
			buildSettings = {
				ASSETCATALOG_COMPILER_APPICON_NAME = AppIcon;
				CODE_SIGN_IDENTITY = "iPhone Developer";
				INFOPLIST_FILE = VORefreshDemo/Info.plist;
				IPHONEOS_DEPLOYMENT_TARGET = 6.0;
				LD_RUNPATH_SEARCH_PATHS = "$(inherited) @executable_path/Frameworks";
				PRODUCT_NAME = "$(TARGET_NAME)";
			};
			name = Release;
		};
		3E88BD0A1A0C619900D415C1 /* Debug */ = {
			isa = XCBuildConfiguration;
			buildSettings = {
				BUNDLE_LOADER = "$(TEST_HOST)";
				FRAMEWORK_SEARCH_PATHS = (
					"$(SDKROOT)/Developer/Library/Frameworks",
					"$(inherited)",
				);
				GCC_PREPROCESSOR_DEFINITIONS = (
					"DEBUG=1",
					"$(inherited)",
				);
				INFOPLIST_FILE = VORefreshDemoTests/Info.plist;
				LD_RUNPATH_SEARCH_PATHS = "$(inherited) @executable_path/Frameworks @loader_path/Frameworks";
				PRODUCT_NAME = "$(TARGET_NAME)";
				TEST_HOST = "$(BUILT_PRODUCTS_DIR)/VORefreshDemo.app/VORefreshDemo";
			};
			name = Debug;
		};
		3E88BD0B1A0C619900D415C1 /* Release */ = {
			isa = XCBuildConfiguration;
			buildSettings = {
				BUNDLE_LOADER = "$(TEST_HOST)";
				FRAMEWORK_SEARCH_PATHS = (
					"$(SDKROOT)/Developer/Library/Frameworks",
					"$(inherited)",
				);
				INFOPLIST_FILE = VORefreshDemoTests/Info.plist;
				LD_RUNPATH_SEARCH_PATHS = "$(inherited) @executable_path/Frameworks @loader_path/Frameworks";
				PRODUCT_NAME = "$(TARGET_NAME)";
				TEST_HOST = "$(BUILT_PRODUCTS_DIR)/VORefreshDemo.app/VORefreshDemo";
			};
			name = Release;
		};
/* End XCBuildConfiguration section */

/* Begin XCConfigurationList section */
		3E88BCDE1A0C619900D415C1 /* Build configuration list for PBXProject "VORefreshDemo" */ = {
			isa = XCConfigurationList;
			buildConfigurations = (
				3E88BD041A0C619900D415C1 /* Debug */,
				3E88BD051A0C619900D415C1 /* Release */,
			);
			defaultConfigurationIsVisible = 0;
			defaultConfigurationName = Release;
		};
		3E88BD061A0C619900D415C1 /* Build configuration list for PBXNativeTarget "VORefreshDemo" */ = {
			isa = XCConfigurationList;
			buildConfigurations = (
				3E88BD071A0C619900D415C1 /* Debug */,
				3E88BD081A0C619900D415C1 /* Release */,
			);
			defaultConfigurationIsVisible = 0;
			defaultConfigurationName = Release;
		};
		3E88BD091A0C619900D415C1 /* Build configuration list for PBXNativeTarget "VORefreshDemoTests" */ = {
			isa = XCConfigurationList;
			buildConfigurations = (
				3E88BD0A1A0C619900D415C1 /* Debug */,
				3E88BD0B1A0C619900D415C1 /* Release */,
			);
			defaultConfigurationIsVisible = 0;
			defaultConfigurationName = Release;
		};
/* End XCConfigurationList section */
	};
	rootObject = 3E88BCDB1A0C619900D415C1 /* Project object */;
}
